
Microsoft Visual Studio Solution File, Format Version 12.00
# Visual Studio Version 17
VisualStudioVersion = 17.2.32526.322
MinimumVisualStudioVersion = 10.0.40219.1
Project("{FAE04EC0-301F-11D3-BF4B-00C04F79EFBC}") = "BootCamp", "BootCamp\BootCamp.csproj", "{EC1DC296-3059-4AF0-A49B-5B483E3312B4}"
EndProject
Global
	GlobalSection(SolutionConfigurationPlatforms) = preSolution
		Debug|Any CPU = Debug|Any CPU
		Release|Any CPU = Release|Any CPU
	EndGlobalSection
	GlobalSection(ProjectConfigurationPlatforms) = postSolution
		{EC1DC296-3059-4AF0-A49B-5B483E3312B4}.Debug|Any CPU.ActiveCfg = Debug|Any CPU
		{EC1DC296-3059-4AF0-A49B-5B483E3312B4}.Debug|Any CPU.Build.0 = Debug|Any CPU
		{EC1DC296-3059-4AF0-A49B-5B483E3312B4}.Release|Any CPU.ActiveCfg = Release|Any CPU
		{EC1DC296-3059-4AF0-A49B-5B483E3312B4}.Release|Any CPU.Build.0 = Release|Any CPU
	EndGlobalSection
	GlobalSection(SolutionProperties) = preSolution
		HideSolutionNode = FALSE
	EndGlobalSection
	GlobalSection(ExtensibilityGlobals) = postSolution
		SolutionGuid = {CBCA94A7-73CD-4CD6-8867-FAD415A444D2}
	EndGlobalSection
EndGlobal
